
Microsoft Visual Studio Solution File, Format Version 12.00
# Visual Studio Version 16
VisualStudioVersion = 16.0.30907.101
MinimumVisualStudioVersion = 10.0.40219.1
Project("{2150E333-8FDC-42A3-9474-1A3956D46DE8}") = "src", "src", "{4960FB71-8836-4CDC-9F09-11B9BE37EF72}"
EndProject
Project("{2150E333-8FDC-42A3-9474-1A3956D46DE8}") = "1-entrypoint", "1-entrypoint", "{FE5D0D49-2804-4DA6-8B4A-88A45872A55F}"
EndProject
Project("{2150E333-8FDC-42A3-9474-1A3956D46DE8}") = "2-core", "2-core", "{B175AFF1-A5F2-48D5-AF6D-7836F69D22C1}"
EndProject
Project("{FAE04EC0-301F-11D3-BF4B-00C04F79EFBC}") = "Bank.Application", "Bank.Application\Bank.Application.csproj", "{1DECAC54-54EA-412E-A6A8-3183D81D0C8E}"
EndProject
Project("{FAE04EC0-301F-11D3-BF4B-00C04F79EFBC}") = "Bank.Domain", "Bank.Domain\Bank.Domain.csproj", "{8D420797-4488-4011-B097-1E5C6A4ED38F}"
EndProject
Project("{2150E333-8FDC-42A3-9474-1A3956D46DE8}") = "3-infrastructure", "3-infrastructure", "{FE5AD9C4-4309-4309-8B2D-724447D86019}"
EndProject
Project("{FAE04EC0-301F-11D3-BF4B-00C04F79EFBC}") = "Bank.Infrastructure", "Bank.Infrastructure\Bank.Infrastructure.csproj", "{BF2B1BB8-91DE-4233-AC42-422A9D594001}"
EndProject
Project("{FAE04EC0-301F-11D3-BF4B-00C04F79EFBC}") = "Bank.Infrastructure.Bootstrap", "Bank.Infrastructure.Bootstrap\Bank.Infrastructure.Bootstrap.csproj", "{8CB78358-FD71-410B-B1B0-742501DF482F}"
EndProject
Project("{2150E333-8FDC-42A3-9474-1A3956D46DE8}") = "test", "test", "{661CBBFA-3278-4E62-800E-A87A27F67649}"
EndProject
Project("{FAE04EC0-301F-11D3-BF4B-00C04F79EFBC}") = "Bank.Application.Test", "Bank.Application.Test\Bank.Application.Test\Bank.Application.Test.csproj", "{F976B3F3-C56A-4C3B-A6B3-F325883706F3}"
EndProject
Project("{FAE04EC0-301F-11D3-BF4B-00C04F79EFBC}") = "Bank.Api", "Bank.Api\Bank.Api.csproj", "{04DB9D50-520D-40C7-9B05-EBBB7CB17762}"
EndProject
Project("{FAE04EC0-301F-11D3-BF4B-00C04F79EFBC}") = "Bank.Auth.Infrastructure.Bootstrap", "Bank.Auth.Infrastructure.Bootstrap\Bank.Auth.Infrastructure.Bootstrap.csproj", "{94B09C96-8B89-4322-AD57-48F0648144E2}"
EndProject
Project("{FAE04EC0-301F-11D3-BF4B-00C04F79EFBC}") = "Bank.Auth.Api", "Bank.Auth.Api\Bank.Auth.Api.csproj", "{F88306DD-ABF2-4DB5-A146-8167CFEA314B}"
EndProject
Project("{FAE04EC0-301F-11D3-BF4B-00C04F79EFBC}") = "Bank.Auth.Domain", "Bank.Auth.Domain\Bank.Auth.Domain.csproj", "{B3C1AF19-50AA-4F0B-A255-4D9C49E294E5}"
EndProject
Project("{FAE04EC0-301F-11D3-BF4B-00C04F79EFBC}") = "Bank.Auth.Application", "Bank.Auth.Application\Bank.Auth.Application.csproj", "{E51B2812-5F62-4366-8C75-4E67AF29C628}"
EndProject
Project("{FAE04EC0-301F-11D3-BF4B-00C04F79EFBC}") = "Bank.Auth.Infrastructure", "Bank.Auth.Infrastructure\Bank.Auth.Infrastructure.csproj", "{5350B921-EEA7-4F99-B9FB-70967EB3EB1F}"
EndProject
Project("{FAE04EC0-301F-11D3-BF4B-00C04F79EFBC}") = "Bank.ApiGateway", "Bank.ApiGateway\Bank.ApiGateway.csproj", "{8AF8420D-B615-4ACA-ABBE-B67483F8369D}"
EndProject
Global
	GlobalSection(SolutionConfigurationPlatforms) = preSolution
		Debug|Any CPU = Debug|Any CPU
		Release|Any CPU = Release|Any CPU
	EndGlobalSection
	GlobalSection(ProjectConfigurationPlatforms) = postSolution
		{1DECAC54-54EA-412E-A6A8-3183D81D0C8E}.Debug|Any CPU.ActiveCfg = Debug|Any CPU
		{1DECAC54-54EA-412E-A6A8-3183D81D0C8E}.Debug|Any CPU.Build.0 = Debug|Any CPU
		{1DECAC54-54EA-412E-A6A8-3183D81D0C8E}.Release|Any CPU.ActiveCfg = Release|Any CPU
		{1DECAC54-54EA-412E-A6A8-3183D81D0C8E}.Release|Any CPU.Build.0 = Release|Any CPU
		{8D420797-4488-4011-B097-1E5C6A4ED38F}.Debug|Any CPU.ActiveCfg = Debug|Any CPU
		{8D420797-4488-4011-B097-1E5C6A4ED38F}.Debug|Any CPU.Build.0 = Debug|Any CPU
		{8D420797-4488-4011-B097-1E5C6A4ED38F}.Release|Any CPU.ActiveCfg = Release|Any CPU
		{8D420797-4488-4011-B097-1E5C6A4ED38F}.Release|Any CPU.Build.0 = Release|Any CPU
		{BF2B1BB8-91DE-4233-AC42-422A9D594001}.Debug|Any CPU.ActiveCfg = Debug|Any CPU
		{BF2B1BB8-91DE-4233-AC42-422A9D594001}.Debug|Any CPU.Build.0 = Debug|Any CPU
		{BF2B1BB8-91DE-4233-AC42-422A9D594001}.Release|Any CPU.ActiveCfg = Release|Any CPU
		{BF2B1BB8-91DE-4233-AC42-422A9D594001}.Release|Any CPU.Build.0 = Release|Any CPU
		{8CB78358-FD71-410B-B1B0-742501DF482F}.Debug|Any CPU.ActiveCfg = Debug|Any CPU
		{8CB78358-FD71-410B-B1B0-742501DF482F}.Debug|Any CPU.Build.0 = Debug|Any CPU
		{8CB78358-FD71-410B-B1B0-742501DF482F}.Release|Any CPU.ActiveCfg = Release|Any CPU
		{8CB78358-FD71-410B-B1B0-742501DF482F}.Release|Any CPU.Build.0 = Release|Any CPU
		{F976B3F3-C56A-4C3B-A6B3-F325883706F3}.Debug|Any CPU.ActiveCfg = Debug|Any CPU
		{F976B3F3-C56A-4C3B-A6B3-F325883706F3}.Debug|Any CPU.Build.0 = Debug|Any CPU
		{F976B3F3-C56A-4C3B-A6B3-F325883706F3}.Release|Any CPU.ActiveCfg = Release|Any CPU
		{F976B3F3-C56A-4C3B-A6B3-F325883706F3}.Release|Any CPU.Build.0 = Release|Any CPU
		{04DB9D50-520D-40C7-9B05-EBBB7CB17762}.Debug|Any CPU.ActiveCfg = Debug|Any CPU
		{04DB9D50-520D-40C7-9B05-EBBB7CB17762}.Debug|Any CPU.Build.0 = Debug|Any CPU
		{04DB9D50-520D-40C7-9B05-EBBB7CB17762}.Release|Any CPU.ActiveCfg = Release|Any CPU
		{04DB9D50-520D-40C7-9B05-EBBB7CB17762}.Release|Any CPU.Build.0 = Release|Any CPU
		{94B09C96-8B89-4322-AD57-48F0648144E2}.Debug|Any CPU.ActiveCfg = Debug|Any CPU
		{94B09C96-8B89-4322-AD57-48F0648144E2}.Debug|Any CPU.Build.0 = Debug|Any CPU
		{94B09C96-8B89-4322-AD57-48F0648144E2}.Release|Any CPU.ActiveCfg = Release|Any CPU
		{94B09C96-8B89-4322-AD57-48F0648144E2}.Release|Any CPU.Build.0 = Release|Any CPU
		{F88306DD-ABF2-4DB5-A146-8167CFEA314B}.Debug|Any CPU.ActiveCfg = Debug|Any CPU
		{F88306DD-ABF2-4DB5-A146-8167CFEA314B}.Debug|Any CPU.Build.0 = Debug|Any CPU
		{F88306DD-ABF2-4DB5-A146-8167CFEA314B}.Release|Any CPU.ActiveCfg = Release|Any CPU
		{F88306DD-ABF2-4DB5-A146-8167CFEA314B}.Release|Any CPU.Build.0 = Release|Any CPU
		{B3C1AF19-50AA-4F0B-A255-4D9C49E294E5}.Debug|Any CPU.ActiveCfg = Debug|Any CPU
		{B3C1AF19-50AA-4F0B-A255-4D9C49E294E5}.Debug|Any CPU.Build.0 = Debug|Any CPU
		{B3C1AF19-50AA-4F0B-A255-4D9C49E294E5}.Release|Any CPU.ActiveCfg = Release|Any CPU
		{B3C1AF19-50AA-4F0B-A255-4D9C49E294E5}.Release|Any CPU.Build.0 = Release|Any CPU
		{E51B2812-5F62-4366-8C75-4E67AF29C628}.Debug|Any CPU.ActiveCfg = Debug|Any CPU
		{E51B2812-5F62-4366-8C75-4E67AF29C628}.Debug|Any CPU.Build.0 = Debug|Any CPU
		{E51B2812-5F62-4366-8C75-4E67AF29C628}.Release|Any CPU.ActiveCfg = Release|Any CPU
		{E51B2812-5F62-4366-8C75-4E67AF29C628}.Release|Any CPU.Build.0 = Release|Any CPU
		{5350B921-EEA7-4F99-B9FB-70967EB3EB1F}.Debug|Any CPU.ActiveCfg = Debug|Any CPU
		{5350B921-EEA7-4F99-B9FB-70967EB3EB1F}.Debug|Any CPU.Build.0 = Debug|Any CPU
		{5350B921-EEA7-4F99-B9FB-70967EB3EB1F}.Release|Any CPU.ActiveCfg = Release|Any CPU
		{5350B921-EEA7-4F99-B9FB-70967EB3EB1F}.Release|Any CPU.Build.0 = Release|Any CPU
		{8AF8420D-B615-4ACA-ABBE-B67483F8369D}.Debug|Any CPU.ActiveCfg = Debug|Any CPU
		{8AF8420D-B615-4ACA-ABBE-B67483F8369D}.Debug|Any CPU.Build.0 = Debug|Any CPU
		{8AF8420D-B615-4ACA-ABBE-B67483F8369D}.Release|Any CPU.ActiveCfg = Release|Any CPU
		{8AF8420D-B615-4ACA-ABBE-B67483F8369D}.Release|Any CPU.Build.0 = Release|Any CPU
	EndGlobalSection
	GlobalSection(SolutionProperties) = preSolution
		HideSolutionNode = FALSE
	EndGlobalSection
	GlobalSection(NestedProjects) = preSolution
		{FE5D0D49-2804-4DA6-8B4A-88A45872A55F} = {4960FB71-8836-4CDC-9F09-11B9BE37EF72}
		{B175AFF1-A5F2-48D5-AF6D-7836F69D22C1} = {4960FB71-8836-4CDC-9F09-11B9BE37EF72}
		{1DECAC54-54EA-412E-A6A8-3183D81D0C8E} = {B175AFF1-A5F2-48D5-AF6D-7836F69D22C1}
		{8D420797-4488-4011-B097-1E5C6A4ED38F} = {B175AFF1-A5F2-48D5-AF6D-7836F69D22C1}
		{FE5AD9C4-4309-4309-8B2D-724447D86019} = {4960FB71-8836-4CDC-9F09-11B9BE37EF72}
		{BF2B1BB8-91DE-4233-AC42-422A9D594001} = {FE5AD9C4-4309-4309-8B2D-724447D86019}
		{8CB78358-FD71-410B-B1B0-742501DF482F} = {FE5AD9C4-4309-4309-8B2D-724447D86019}
		{F976B3F3-C56A-4C3B-A6B3-F325883706F3} = {661CBBFA-3278-4E62-800E-A87A27F67649}
		{04DB9D50-520D-40C7-9B05-EBBB7CB17762} = {FE5D0D49-2804-4DA6-8B4A-88A45872A55F}
		{94B09C96-8B89-4322-AD57-48F0648144E2} = {FE5AD9C4-4309-4309-8B2D-724447D86019}
		{F88306DD-ABF2-4DB5-A146-8167CFEA314B} = {FE5D0D49-2804-4DA6-8B4A-88A45872A55F}
		{B3C1AF19-50AA-4F0B-A255-4D9C49E294E5} = {B175AFF1-A5F2-48D5-AF6D-7836F69D22C1}
		{E51B2812-5F62-4366-8C75-4E67AF29C628} = {B175AFF1-A5F2-48D5-AF6D-7836F69D22C1}
		{5350B921-EEA7-4F99-B9FB-70967EB3EB1F} = {FE5AD9C4-4309-4309-8B2D-724447D86019}
		{8AF8420D-B615-4ACA-ABBE-B67483F8369D} = {FE5D0D49-2804-4DA6-8B4A-88A45872A55F}
	EndGlobalSection
	GlobalSection(ExtensibilityGlobals) = postSolution
		SolutionGuid = {5327D66D-6310-4603-80C9-22CF6FFE0B24}
	EndGlobalSection
EndGlobal
